{
  "originHash" : "691950a27b4ff3d654ecb497fbf2bb98c839ba136575a0a68ab71cbd7ac6178c",
  "pins" : [
    {
      "identity" : "actito-sdk-ios",
      "kind" : "remoteSourceControl",
      "location" : "https://github.com/Actito/actito-sdk-ios.git",
      "state" : {
        "revision" : "45c766ee2988bdc8c6109f7f2cbf6143130471e3",
        "version" : "5.0.0"
      }
    }
  ],
  "version" : 3
}
